
Microsoft Visual Studio Solution File, Format Version 12.00
# Visual Studio Version 17
VisualStudioVersion = 17.12.35707.178
MinimumVisualStudioVersion = 10.0.40219.1
Project("{2150E333-8FDC-42A3-9474-1A3956D46DE8}") = "tests", "tests", "{699F97BD-4E8C-4A08-ACA5-15DDC5C0F8B6}"
EndProject
Project("{FAE04EC0-301F-11D3-BF4B-00C04F79EFBC}") = "WP.AppHost", "src\Aspire\WP.AppHost\WP.AppHost.csproj", "{C54FF220-8A44-45F2-8670-DE471BBBD1D0}"
EndProject
Project("{FAE04EC0-301F-11D3-BF4B-00C04F79EFBC}") = "WP.ServiceDefaults", "src\Aspire\WP.ServiceDefaults\WP.ServiceDefaults.csproj", "{C5CD1244-DBD9-445D-B25B-1239980B155B}"
EndProject
Project("{2150E333-8FDC-42A3-9474-1A3956D46DE8}") = "src", "src", "{D5C45EDC-A615-40B8-8468-942F0777B251}"
EndProject
Project("{2150E333-8FDC-42A3-9474-1A3956D46DE8}") = "Services", "Services", "{CE4863FA-8B98-47D1-95DE-FDBF10C797AE}"
EndProject
Project("{2150E333-8FDC-42A3-9474-1A3956D46DE8}") = "Identity", "Identity", "{F202772A-2B2E-4C45-9153-7E2714D9A669}"
EndProject
Project("{FAE04EC0-301F-11D3-BF4B-00C04F79EFBC}") = "WP.Identity.API", "src\WP.Identity.API\WP.Identity.API.csproj", "{EE616D14-0349-4ED9-BFAD-4D7A5CB12700}"
EndProject
Project("{2150E333-8FDC-42A3-9474-1A3956D46DE8}") = "Web", "Web", "{C2802B02-B8EB-4BC6-B48B-276AFDCCE631}"
EndProject
Project("{2150E333-8FDC-42A3-9474-1A3956D46DE8}") = "BuildingBlocs", "BuildingBlocs", "{3789DE0B-BDFD-4FF1-89EA-62EE09CCD920}"
EndProject
Project("{2150E333-8FDC-42A3-9474-1A3956D46DE8}") = "Core", "Core", "{9576E65F-A675-417E-A57E-AF4CEDBF0520}"
EndProject
Project("{FAE04EC0-301F-11D3-BF4B-00C04F79EFBC}") = "WP.Core", "src\WP.Core\WP.Core.csproj", "{18E42EAA-CCF2-40B7-9EA9-90391B326F0C}"
EndProject
Project("{2150E333-8FDC-42A3-9474-1A3956D46DE8}") = "Cart", "Cart", "{A556F7CD-5491-4709-A1F0-6207F6722C59}"
EndProject
Project("{2150E333-8FDC-42A3-9474-1A3956D46DE8}") = "Catalog", "Catalog", "{8D4362CD-7B46-473F-A64D-264C249C7EB9}"
EndProject
Project("{2150E333-8FDC-42A3-9474-1A3956D46DE8}") = "Customer", "Customer", "{D4524145-25C9-4901-B0AE-BA2C59F90517}"
EndProject
Project("{2150E333-8FDC-42A3-9474-1A3956D46DE8}") = "Payment", "Payment", "{FB5873F3-D5CF-4987-86B3-9026AF110897}"
EndProject
Project("{2150E333-8FDC-42A3-9474-1A3956D46DE8}") = "Order", "Order", "{E05103C1-BE5E-423A-81C2-A181208FBF62}"
EndProject
Project("{FAE04EC0-301F-11D3-BF4B-00C04F79EFBC}") = "WP.Order.API", "src\WP.Order.API\WP.Order.API.csproj", "{7B702DAB-4B06-47FC-93B8-2A50C7CAC001}"
EndProject
Project("{FAE04EC0-301F-11D3-BF4B-00C04F79EFBC}") = "WP.Customer.API", "src\WP.Customer.API\WP.Customer.API.csproj", "{108618FA-32D0-41B4-B6EC-89A9A3E5FA02}"
EndProject
Project("{FAE04EC0-301F-11D3-BF4B-00C04F79EFBC}") = "WP.Catalog.API", "src\WP.Catalog.API\WP.Catalog.API.csproj", "{619942DD-5ECE-4F73-93E2-EF7B2DCD365E}"
EndProject
Project("{FAE04EC0-301F-11D3-BF4B-00C04F79EFBC}") = "WP.Cart.API", "src\WP.Cart.API\WP.Cart.API.csproj", "{F20217E5-3B48-4FA7-8DCD-27ED7379EB77}"
EndProject
Project("{FAE04EC0-301F-11D3-BF4B-00C04F79EFBC}") = "WP.Payment.API", "src\WP.Payment.API\WP.Payment.API.csproj", "{DA28FFE0-098F-47B5-82C8-7E4DE5C37271}"
EndProject
Project("{2150E333-8FDC-42A3-9474-1A3956D46DE8}") = "Aspire", "Aspire", "{253050E8-7751-4E20-9043-9A36F1F4B5E5}"
EndProject
Project("{FAE04EC0-301F-11D3-BF4B-00C04F79EFBC}") = "WP.Web", "src\WP.Web\WP.Web\WP.Web.csproj", "{EE10F32D-BEF0-429E-8F39-668EC30B718C}"
EndProject
Project("{FAE04EC0-301F-11D3-BF4B-00C04F79EFBC}") = "WP.Web.Client", "src\WP.Web\WP.Web.Client\WP.Web.Client.csproj", "{B008BC5B-56C5-4AC6-904A-5A7F379D47A6}"
EndProject
Global
	GlobalSection(SolutionConfigurationPlatforms) = preSolution
		Debug|Any CPU = Debug|Any CPU
		Release|Any CPU = Release|Any CPU
	EndGlobalSection
	GlobalSection(ProjectConfigurationPlatforms) = postSolution
		{C54FF220-8A44-45F2-8670-DE471BBBD1D0}.Debug|Any CPU.ActiveCfg = Debug|Any CPU
		{C54FF220-8A44-45F2-8670-DE471BBBD1D0}.Debug|Any CPU.Build.0 = Debug|Any CPU
		{C54FF220-8A44-45F2-8670-DE471BBBD1D0}.Release|Any CPU.ActiveCfg = Release|Any CPU
		{C54FF220-8A44-45F2-8670-DE471BBBD1D0}.Release|Any CPU.Build.0 = Release|Any CPU
		{C5CD1244-DBD9-445D-B25B-1239980B155B}.Debug|Any CPU.ActiveCfg = Debug|Any CPU
		{C5CD1244-DBD9-445D-B25B-1239980B155B}.Debug|Any CPU.Build.0 = Debug|Any CPU
		{C5CD1244-DBD9-445D-B25B-1239980B155B}.Release|Any CPU.ActiveCfg = Release|Any CPU
		{C5CD1244-DBD9-445D-B25B-1239980B155B}.Release|Any CPU.Build.0 = Release|Any CPU
		{EE616D14-0349-4ED9-BFAD-4D7A5CB12700}.Debug|Any CPU.ActiveCfg = Debug|Any CPU
		{EE616D14-0349-4ED9-BFAD-4D7A5CB12700}.Debug|Any CPU.Build.0 = Debug|Any CPU
		{EE616D14-0349-4ED9-BFAD-4D7A5CB12700}.Release|Any CPU.ActiveCfg = Release|Any CPU
		{EE616D14-0349-4ED9-BFAD-4D7A5CB12700}.Release|Any CPU.Build.0 = Release|Any CPU
		{18E42EAA-CCF2-40B7-9EA9-90391B326F0C}.Debug|Any CPU.ActiveCfg = Debug|Any CPU
		{18E42EAA-CCF2-40B7-9EA9-90391B326F0C}.Debug|Any CPU.Build.0 = Debug|Any CPU
		{18E42EAA-CCF2-40B7-9EA9-90391B326F0C}.Release|Any CPU.ActiveCfg = Release|Any CPU
		{18E42EAA-CCF2-40B7-9EA9-90391B326F0C}.Release|Any CPU.Build.0 = Release|Any CPU
		{7B702DAB-4B06-47FC-93B8-2A50C7CAC001}.Debug|Any CPU.ActiveCfg = Debug|Any CPU
		{7B702DAB-4B06-47FC-93B8-2A50C7CAC001}.Debug|Any CPU.Build.0 = Debug|Any CPU
		{7B702DAB-4B06-47FC-93B8-2A50C7CAC001}.Release|Any CPU.ActiveCfg = Release|Any CPU
		{7B702DAB-4B06-47FC-93B8-2A50C7CAC001}.Release|Any CPU.Build.0 = Release|Any CPU
		{108618FA-32D0-41B4-B6EC-89A9A3E5FA02}.Debug|Any CPU.ActiveCfg = Debug|Any CPU
		{108618FA-32D0-41B4-B6EC-89A9A3E5FA02}.Debug|Any CPU.Build.0 = Debug|Any CPU
		{108618FA-32D0-41B4-B6EC-89A9A3E5FA02}.Release|Any CPU.ActiveCfg = Release|Any CPU
		{108618FA-32D0-41B4-B6EC-89A9A3E5FA02}.Release|Any CPU.Build.0 = Release|Any CPU
		{619942DD-5ECE-4F73-93E2-EF7B2DCD365E}.Debug|Any CPU.ActiveCfg = Debug|Any CPU
		{619942DD-5ECE-4F73-93E2-EF7B2DCD365E}.Debug|Any CPU.Build.0 = Debug|Any CPU
		{619942DD-5ECE-4F73-93E2-EF7B2DCD365E}.Release|Any CPU.ActiveCfg = Release|Any CPU
		{619942DD-5ECE-4F73-93E2-EF7B2DCD365E}.Release|Any CPU.Build.0 = Release|Any CPU
		{F20217E5-3B48-4FA7-8DCD-27ED7379EB77}.Debug|Any CPU.ActiveCfg = Debug|Any CPU
		{F20217E5-3B48-4FA7-8DCD-27ED7379EB77}.Debug|Any CPU.Build.0 = Debug|Any CPU
		{F20217E5-3B48-4FA7-8DCD-27ED7379EB77}.Release|Any CPU.ActiveCfg = Release|Any CPU
		{F20217E5-3B48-4FA7-8DCD-27ED7379EB77}.Release|Any CPU.Build.0 = Release|Any CPU
		{DA28FFE0-098F-47B5-82C8-7E4DE5C37271}.Debug|Any CPU.ActiveCfg = Debug|Any CPU
		{DA28FFE0-098F-47B5-82C8-7E4DE5C37271}.Debug|Any CPU.Build.0 = Debug|Any CPU
		{DA28FFE0-098F-47B5-82C8-7E4DE5C37271}.Release|Any CPU.ActiveCfg = Release|Any CPU
		{DA28FFE0-098F-47B5-82C8-7E4DE5C37271}.Release|Any CPU.Build.0 = Release|Any CPU
		{EE10F32D-BEF0-429E-8F39-668EC30B718C}.Debug|Any CPU.ActiveCfg = Debug|Any CPU
		{EE10F32D-BEF0-429E-8F39-668EC30B718C}.Debug|Any CPU.Build.0 = Debug|Any CPU
		{EE10F32D-BEF0-429E-8F39-668EC30B718C}.Release|Any CPU.ActiveCfg = Release|Any CPU
		{EE10F32D-BEF0-429E-8F39-668EC30B718C}.Release|Any CPU.Build.0 = Release|Any CPU
		{B008BC5B-56C5-4AC6-904A-5A7F379D47A6}.Debug|Any CPU.ActiveCfg = Debug|Any CPU
		{B008BC5B-56C5-4AC6-904A-5A7F379D47A6}.Debug|Any CPU.Build.0 = Debug|Any CPU
		{B008BC5B-56C5-4AC6-904A-5A7F379D47A6}.Release|Any CPU.ActiveCfg = Release|Any CPU
		{B008BC5B-56C5-4AC6-904A-5A7F379D47A6}.Release|Any CPU.Build.0 = Release|Any CPU
	EndGlobalSection
	GlobalSection(SolutionProperties) = preSolution
		HideSolutionNode = FALSE
	EndGlobalSection
	GlobalSection(NestedProjects) = preSolution
		{C54FF220-8A44-45F2-8670-DE471BBBD1D0} = {253050E8-7751-4E20-9043-9A36F1F4B5E5}
		{C5CD1244-DBD9-445D-B25B-1239980B155B} = {253050E8-7751-4E20-9043-9A36F1F4B5E5}
		{CE4863FA-8B98-47D1-95DE-FDBF10C797AE} = {D5C45EDC-A615-40B8-8468-942F0777B251}
		{F202772A-2B2E-4C45-9153-7E2714D9A669} = {CE4863FA-8B98-47D1-95DE-FDBF10C797AE}
		{EE616D14-0349-4ED9-BFAD-4D7A5CB12700} = {F202772A-2B2E-4C45-9153-7E2714D9A669}
		{C2802B02-B8EB-4BC6-B48B-276AFDCCE631} = {D5C45EDC-A615-40B8-8468-942F0777B251}
		{3789DE0B-BDFD-4FF1-89EA-62EE09CCD920} = {D5C45EDC-A615-40B8-8468-942F0777B251}
		{9576E65F-A675-417E-A57E-AF4CEDBF0520} = {3789DE0B-BDFD-4FF1-89EA-62EE09CCD920}
		{18E42EAA-CCF2-40B7-9EA9-90391B326F0C} = {9576E65F-A675-417E-A57E-AF4CEDBF0520}
		{A556F7CD-5491-4709-A1F0-6207F6722C59} = {CE4863FA-8B98-47D1-95DE-FDBF10C797AE}
		{8D4362CD-7B46-473F-A64D-264C249C7EB9} = {CE4863FA-8B98-47D1-95DE-FDBF10C797AE}
		{D4524145-25C9-4901-B0AE-BA2C59F90517} = {CE4863FA-8B98-47D1-95DE-FDBF10C797AE}
		{FB5873F3-D5CF-4987-86B3-9026AF110897} = {CE4863FA-8B98-47D1-95DE-FDBF10C797AE}
		{E05103C1-BE5E-423A-81C2-A181208FBF62} = {CE4863FA-8B98-47D1-95DE-FDBF10C797AE}
		{7B702DAB-4B06-47FC-93B8-2A50C7CAC001} = {E05103C1-BE5E-423A-81C2-A181208FBF62}
		{108618FA-32D0-41B4-B6EC-89A9A3E5FA02} = {D4524145-25C9-4901-B0AE-BA2C59F90517}
		{619942DD-5ECE-4F73-93E2-EF7B2DCD365E} = {8D4362CD-7B46-473F-A64D-264C249C7EB9}
		{F20217E5-3B48-4FA7-8DCD-27ED7379EB77} = {A556F7CD-5491-4709-A1F0-6207F6722C59}
		{DA28FFE0-098F-47B5-82C8-7E4DE5C37271} = {FB5873F3-D5CF-4987-86B3-9026AF110897}
		{253050E8-7751-4E20-9043-9A36F1F4B5E5} = {D5C45EDC-A615-40B8-8468-942F0777B251}
		{EE10F32D-BEF0-429E-8F39-668EC30B718C} = {C2802B02-B8EB-4BC6-B48B-276AFDCCE631}
		{B008BC5B-56C5-4AC6-904A-5A7F379D47A6} = {C2802B02-B8EB-4BC6-B48B-276AFDCCE631}
	EndGlobalSection
EndGlobal
